<?xml version="1.0" encoding="utf-8"?>
<Project ToolsVersion="4.0" xmlns="http://schemas.microsoft.com/developer/msbuild/2003">
  <ItemGroup>
    <Filter Include="Source Files">
      <UniqueIdentifier>{4FC737F1-C7A5-4376-A066-2A32D752A2FF}</UniqueIdentifier>
      <Extensions>cpp;c;cc;cxx;def;odl;idl;hpj;bat;asm;asmx</Extensions>
    </Filter>
    <Filter Include="Header Files">
      <UniqueIdentifier>{93995380-89BD-4b04-88EB-625FBE52EBFB}</UniqueIdentifier>
      <Extensions>h;hh;hpp;hxx;hm;inl;inc;xsd</Extensions>
    </Filter>
    <Filter Include="Resource Files">
      <UniqueIdentifier>{67DA6AB6-F800-4c08-8B7A-83BB121AAD01}</UniqueIdentifier>
      <Extensions>rc;ico;cur;bmp;dlg;rc2;rct;bin;rgs;gif;jpg;jpeg;jpe;resx;tiff;tif;png;wav;mfcribbon-ms</Extensions>
    </Filter>
  </ItemGroup>
  <ItemGroup>
    <ClCompile Include="Cadbury.trash\Features\Aimbot\Aimbot.cpp">
      <Filter>Source Files</Filter>
    </ClCompile>
    <ClCompile Include="Cadbury.trash\Features\Aimbot\Autowall.cpp">
      <Filter>Source Files</Filter>
    </ClCompile>
    <ClCompile Include="Cadbury.trash\Features\Aimbot\EnginePrediction.cpp">
      <Filter>Source Files</Filter>
    </ClCompile>
    <ClCompile Include="Cadbury.trash\Features\Aimbot\LagComp.cpp">
      <Filter>Source Files</Filter>
    </ClCompile>
    <ClCompile Include="Cadbury.trash\Features\AntiAim\AntiAim.cpp">
      <Filter>Source Files</Filter>
    </ClCompile>
    <ClCompile Include="Cadbury.trash\Features\Legit\Legitbot.cpp">
      <Filter>Source Files</Filter>
    </ClCompile>
    <ClCompile Include="Cadbury.trash\Features\Resolver\Resolver.cpp">
      <Filter>Source Files</Filter>
    </ClCompile>
    <ClCompile Include="Cadbury.trash\Features\Visuals\ESP.cpp">
      <Filter>Source Files</Filter>
    </ClCompile>
    <ClCompile Include="Cadbury.trash\Menu\Menu.cpp">
      <Filter>Source Files</Filter>
    </ClCompile>
    <ClCompile Include="Cadbury.trash\Menu\TGFCfg.cpp">
      <Filter>Source Files</Filter>
    </ClCompile>
    <ClCompile Include="Cadbury.trash\SDK\CEntity.cpp">
      <Filter>Source Files</Filter>
    </ClCompile>
    <ClCompile Include="Cadbury.trash\Utils\GlobalVars.cpp">
      <Filter>Source Files</Filter>
    </ClCompile>
    <ClCompile Include="Cadbury.trash\Utils\Interfaces.cpp">
      <Filter>Source Files</Filter>
    </ClCompile>
    <ClCompile Include="Cadbury.trash\Utils\Math.cpp">
      <Filter>Source Files</Filter>
    </ClCompile>
    <ClCompile Include="Cadbury.trash\Utils\NetvarManager.cpp">
      <Filter>Source Files</Filter>
    </ClCompile>
    <ClCompile Include="Cadbury.trash\DLLMain.cpp">
      <Filter>Source Files</Filter>
    </ClCompile>
    <ClCompile Include="Cadbury.trash\Hooks.cpp">
      <Filter>Source Files</Filter>
    </ClCompile>
  </ItemGroup>
  <ItemGroup>
    <ClInclude Include="Antario\Menu.h">
      <Filter>Header Files</Filter>
    </ClInclude>
    <ClInclude Include="Cadbury.trash\Features\Aimbot\Aimbot.h">
      <Filter>Header Files</Filter>
    </ClInclude>
    <ClInclude Include="Cadbury.trash\Features\Aimbot\Autowall.h">
      <Filter>Header Files</Filter>
    </ClInclude>
    <ClInclude Include="Cadbury.trash\Features\Aimbot\EnginePrediction.h">
      <Filter>Header Files</Filter>
    </ClInclude>
    <ClInclude Include="Cadbury.trash\Features\Aimbot\LagComp.h">
      <Filter>Header Files</Filter>
    </ClInclude>
    <ClInclude Include="Cadbury.trash\Features\AntiAim\AntiAim.h">
      <Filter>Header Files</Filter>
    </ClInclude>
    <ClInclude Include="Cadbury.trash\Features\Legit\Legitbot.h">
      <Filter>Header Files</Filter>
    </ClInclude>
    <ClInclude Include="Cadbury.trash\Features\Misc\Misc.h">
      <Filter>Header Files</Filter>
    </ClInclude>
    <ClInclude Include="Cadbury.trash\Features\Resolver\Resolver.h">
      <Filter>Header Files</Filter>
    </ClInclude>
    <ClInclude Include="Cadbury.trash\Features\Visuals\ESP.h">
      <Filter>Header Files</Filter>
    </ClInclude>
    <ClInclude Include="Cadbury.trash\Features\Features.h">
      <Filter>Header Files</Filter>
    </ClInclude>
    <ClInclude Include="Cadbury.trash\Menu\Menu.h">
      <Filter>Header Files</Filter>
    </ClInclude>
    <ClInclude Include="Cadbury.trash\Menu\TGFCfg.h">
      <Filter>Header Files</Filter>
    </ClInclude>
    <ClInclude Include="Cadbury.trash\SDK\bspflags.h">
      <Filter>Header Files</Filter>
    </ClInclude>
    <ClInclude Include="Cadbury.trash\SDK\CEntity.h">
      <Filter>Header Files</Filter>
    </ClInclude>
    <ClInclude Include="Cadbury.trash\SDK\CGlobalVarsBase.h">
      <Filter>Header Files</Filter>
    </ClInclude>
    <ClInclude Include="Cadbury.trash\SDK\CHandle.h">
      <Filter>Header Files</Filter>
    </ClInclude>
    <ClInclude Include="Cadbury.trash\SDK\checksum_crc.h">
      <Filter>Header Files</Filter>
    </ClInclude>
    <ClInclude Include="Cadbury.trash\SDK\CInput.h">
      <Filter>Header Files</Filter>
    </ClInclude>
    <ClInclude Include="Cadbury.trash\SDK\ClientClass.h">
      <Filter>Header Files</Filter>
    </ClInclude>
    <ClInclude Include="Cadbury.trash\SDK\CModelRender.h">
      <Filter>Header Files</Filter>
    </ClInclude>
    <ClInclude Include="Cadbury.trash\SDK\CPrediction.h">
      <Filter>Header Files</Filter>
    </ClInclude>
    <ClInclude Include="Cadbury.trash\SDK\Definitions.h">
      <Filter>Header Files</Filter>
    </ClInclude>
    <ClInclude Include="Cadbury.trash\SDK\Hitboxes.h">
      <Filter>Header Files</Filter>
    </ClInclude>
    <ClInclude Include="Cadbury.trash\SDK\IBaseClientDll.h">
      <Filter>Header Files</Filter>
    </ClInclude>
    <ClInclude Include="Cadbury.trash\SDK\IClientEntity.h">
      <Filter>Header Files</Filter>
    </ClInclude>
    <ClInclude Include="Cadbury.trash\SDK\IClientEntityList.h">
      <Filter>Header Files</Filter>
    </ClInclude>
    <ClInclude Include="Cadbury.trash\SDK\IClientMode.h">
      <Filter>Header Files</Filter>
    </ClInclude>
    <ClInclude Include="Cadbury.trash\SDK\IClientNetworkable.h">
      <Filter>Header Files</Filter>
    </ClInclude>
    <ClInclude Include="Cadbury.trash\SDK\IClientRenderable.h">
      <Filter>Header Files</Filter>
    </ClInclude>
    <ClInclude Include="Cadbury.trash\SDK\IClientThinkable.h">
      <Filter>Header Files</Filter>
    </ClInclude>
    <ClInclude Include="Cadbury.trash\SDK\IClientUnknown.h">
      <Filter>Header Files</Filter>
    </ClInclude>
    <ClInclude Include="Cadbury.trash\SDK\ICvar.h">
      <Filter>Header Files</Filter>
    </ClInclude>
    <ClInclude Include="Cadbury.trash\SDK\IEngineTrace.h">
      <Filter>Header Files</Filter>
    </ClInclude>
    <ClInclude Include="Cadbury.trash\SDK\IGameEvent.h">
      <Filter>Header Files</Filter>
    </ClInclude>
    <ClInclude Include="Cadbury.trash\SDK\IMaterial.h">
      <Filter>Header Files</Filter>
    </ClInclude>
    <ClInclude Include="Cadbury.trash\SDK\ISurface.h">
      <Filter>Header Files</Filter>
    </ClInclude>
    <ClInclude Include="Cadbury.trash\SDK\ISurfaceData.h">
      <Filter>Header Files</Filter>
    </ClInclude>
    <ClInclude Include="Cadbury.trash\SDK\IVEngineClient.h">
      <Filter>Header Files</Filter>
    </ClInclude>
    <ClInclude Include="Cadbury.trash\SDK\IVModelInfo.h">
      <Filter>Header Files</Filter>
    </ClInclude>
    <ClInclude Include="Cadbury.trash\SDK\IVRenderView.h">
      <Filter>Header Files</Filter>
    </ClInclude>
    <ClInclude Include="Cadbury.trash\SDK\KeyValues.h">
      <Filter>Header Files</Filter>
    </ClInclude>
    <ClInclude Include="Cadbury.trash\SDK\PlayerInfo.h">
      <Filter>Header Files</Filter>
    </ClInclude>
    <ClInclude Include="Cadbury.trash\SDK\Recv.h">
      <Filter>Header Files</Filter>
    </ClInclude>
    <ClInclude Include="Cadbury.trash\SDK\Vector.h">
      <Filter>Header Files</Filter>
    </ClInclude>
    <ClInclude Include="Cadbury.trash\SDK\VMatrix.h">
      <Filter>Header Files</Filter>
    </ClInclude>
    <ClInclude Include="Cadbury.trash\Utils\Color.h">
      <Filter>Header Files</Filter>
    </ClInclude>
    <ClInclude Include="Cadbury.trash\Utils\GlobalVars.h">
      <Filter>Header Files</Filter>
    </ClInclude>
    <ClInclude Include="Cadbury.trash\Utils\Interfaces.h">
      <Filter>Header Files</Filter>
    </ClInclude>
    <ClInclude Include="Cadbury.trash\Utils\Math.h">
      <Filter>Header Files</Filter>
    </ClInclude>
    <ClInclude Include="Cadbury.trash\Utils\NetvarManager.h">
      <Filter>Header Files</Filter>
    </ClInclude>
    <ClInclude Include="Cadbury.trash\Utils\SPoint.h">
      <Filter>Header Files</Filter>
    </ClInclude>
    <ClInclude Include="Cadbury.trash\Utils\SRect.h">
      <Filter>Header Files</Filter>
    </ClInclude>
    <ClInclude Include="Cadbury.trash\Utils\Utils.h">
      <Filter>Header Files</Filter>
    </ClInclude>
    <ClInclude Include="Cadbury.trash\Utils\XorStr.h">
      <Filter>Header Files</Filter>
    </ClInclude>
    <ClInclude Include="Cadbury.trash\Hooks.h">
      <Filter>Header Files</Filter>
    </ClInclude>
  </ItemGroup>
</Project>